{
  "version": 4,
  "terraform_version": "1.16.2",
  "serial": 1,
  "lineage": "2d316b97-bd52-9c64-ef56-2bbcfddb2878",
  "outputs": {},
  "resources": [
    {
      "mode": "managed",
      "type": "aws_vpc",
      "name": "vpc_aula",
      "provider": "provider[\"registry.terraform.io/hashicorp/aws\"]",
      "instances": [
        {
          "schema_version": 1,
          "attributes": {
            "arn": "arn:aws:ec2:us-east-1:219366054983:vpc/vpc-07cc98216ea5f7939",
            "assign_generated_ipv6_cidr_block": false,
            "cidr_block": "10.60.0.0/16",
            "default_network_acl_id": "acl-0c7be6c078c591f0d",
            "default_route_table_id": "rtb-0e213be8b49aeab34",
            "default_security_group_id": "sg-01f72274c972ed30d",
            "dhcp_options_id": "dopt-01efb6d6f7ea578d4",
            "enable_dns_hostnames": false,
            "enable_dns_support": true,
            "enable_network_address_usage_metrics": false,
            "id": "vpc-07cc98216ea5f7939",
            "instance_tenancy": "default",
            "ipv4_ipam_pool_id": null,
            "ipv4_netmask_length": null,
            "ipv6_association_id": "",
            "ipv6_cidr_block": "",
            "ipv6_cidr_block_network_border_group": "",
            "ipv6_ipam_pool_id": "",
            "ipv6_netmask_length": 0,
            "main_route_table_id": "rtb-0e213be8b49aeab34",
            "owner_id": "219366054983",
            "region": "us-east-1",
            "tags": {
              "Name": "vpc-terraform"
            },
            "tags_all": {
              "Name": "vpc-terraform"
            }
          },
          "sensitive_attributes": [],
          "identity_schema_version": 0,
          "identity": {
            "account_id": "219366054983",
            "id": "vpc-07cc98216ea5f7939",
            "region": "us-east-1"
          },
          "private": "eyJzY2hlbWFfdmVyc2lvbiI6IjEifQ=="
        }
      ]
    }
  ],
  "check_results": null
}
