{
  "version": 4,
  "terraform_version": "1.16.2",
  "serial": 2,
  "lineage": "d0d9d384-c9b0-41df-bae8-26488bfdbf23",
  "outputs": {
    "vpc_cidr": {
      "value": "10.30.0.0/16",
      "type": "string"
    },
    "vpc_id": {
      "value": "vpc-033540722add119a8",
      "type": "string"
    }
  },
  "resources": [
    {
      "mode": "managed",
      "type": "aws_vpc",
      "name": "vpc_aula",
      "provider": "provider[\"registry.terraform.io/hashicorp/aws\"]",
      "instances": [
        {
          "schema_version": 1,
          "attributes": {
            "arn": "arn:aws:ec2:us-east-1:219366054983:vpc/vpc-033540722add119a8",
            "assign_generated_ipv6_cidr_block": false,
            "cidr_block": "10.30.0.0/16",
            "default_network_acl_id": "acl-0d4dadaeb56eb739f",
            "default_route_table_id": "rtb-05db55867290560bd",
            "default_security_group_id": "sg-0154b848a51d0293e",
            "dhcp_options_id": "dopt-01efb6d6f7ea578d4",
            "enable_dns_hostnames": false,
            "enable_dns_support": true,
            "enable_network_address_usage_metrics": false,
            "id": "vpc-033540722add119a8",
            "instance_tenancy": "default",
            "ipv4_ipam_pool_id": null,
            "ipv4_netmask_length": null,
            "ipv6_association_id": "",
            "ipv6_cidr_block": "",
            "ipv6_cidr_block_network_border_group": "",
            "ipv6_ipam_pool_id": "",
            "ipv6_netmask_length": 0,
            "main_route_table_id": "rtb-05db55867290560bd",
            "owner_id": "219366054983",
            "region": "us-east-1",
            "tags": {
              "Name": "vpc-outputs"
            },
            "tags_all": {
              "Name": "vpc-outputs"
            }
          },
          "sensitive_attributes": [],
          "identity_schema_version": 0,
          "identity": {
            "account_id": "219366054983",
            "id": "vpc-033540722add119a8",
            "region": "us-east-1"
          },
          "private": "eyJzY2hlbWFfdmVyc2lvbiI6IjEifQ=="
        }
      ]
    }
  ],
  "check_results": null
}
